
Microsoft Visual Studio Solution File, Format Version 12.00
# Visual Studio Version 17
VisualStudioVersion = 17.5.002.0
MinimumVisualStudioVersion = 10.0.40219.1
Project("{9A19103F-16F7-4668-BE54-9A1E7A4F7556}") = "Azure AI 2nd Brain Learning", "Azure AI 2nd Brain Learning.csproj", "{4DCF664B-23FB-4FEA-97B9-A345B0C69AFD}"
EndProject
Global
	GlobalSection(SolutionConfigurationPlatforms) = preSolution
		Debug|Any CPU = Debug|Any CPU
		Release|Any CPU = Release|Any CPU
	EndGlobalSection
	GlobalSection(ProjectConfigurationPlatforms) = postSolution
		{4DCF664B-23FB-4FEA-97B9-A345B0C69AFD}.Debug|Any CPU.ActiveCfg = Debug|Any CPU
		{4DCF664B-23FB-4FEA-97B9-A345B0C69AFD}.Debug|Any CPU.Build.0 = Debug|Any CPU
		{4DCF664B-23FB-4FEA-97B9-A345B0C69AFD}.Release|Any CPU.ActiveCfg = Release|Any CPU
		{4DCF664B-23FB-4FEA-97B9-A345B0C69AFD}.Release|Any CPU.Build.0 = Release|Any CPU
	EndGlobalSection
	GlobalSection(SolutionProperties) = preSolution
		HideSolutionNode = FALSE
	EndGlobalSection
	GlobalSection(ExtensibilityGlobals) = postSolution
		SolutionGuid = {9A7243CD-59CD-487D-9CAC-1183CFA46827}
	EndGlobalSection
EndGlobal
